
Microsoft Visual Studio Solution File, Format Version 12.00
# Visual Studio Version 16
VisualStudioVersion = 16.0.30804.86
MinimumVisualStudioVersion = 10.0.40219.1
Project("{FAE04EC0-301F-11D3-BF4B-00C04F79EFBC}") = "API_C06_ER_SQL", "API_C06_ER_SQL\API_C06_ER_SQL.csproj", "{470EEA6E-3A4D-4678-96F4-2C84A7D29217}"
EndProject
Global
	GlobalSection(SolutionConfigurationPlatforms) = preSolution
		Debug|Any CPU = Debug|Any CPU
		Release|Any CPU = Release|Any CPU
	EndGlobalSection
	GlobalSection(ProjectConfigurationPlatforms) = postSolution
		{470EEA6E-3A4D-4678-96F4-2C84A7D29217}.Debug|Any CPU.ActiveCfg = Debug|Any CPU
		{470EEA6E-3A4D-4678-96F4-2C84A7D29217}.Debug|Any CPU.Build.0 = Debug|Any CPU
		{470EEA6E-3A4D-4678-96F4-2C84A7D29217}.Release|Any CPU.ActiveCfg = Release|Any CPU
		{470EEA6E-3A4D-4678-96F4-2C84A7D29217}.Release|Any CPU.Build.0 = Release|Any CPU
	EndGlobalSection
	GlobalSection(SolutionProperties) = preSolution
		HideSolutionNode = FALSE
	EndGlobalSection
	GlobalSection(ExtensibilityGlobals) = postSolution
		SolutionGuid = {D42CB8DA-6527-4C0C-9758-5DAE292D3096}
	EndGlobalSection
EndGlobal
